
Microsoft Visual Studio Solution File, Format Version 12.00
# Visual Studio Version 17
VisualStudioVersion = 17.0.31903.59
MinimumVisualStudioVersion = 10.0.40219.1
Project("{FAE04EC0-301F-11D3-BF4B-00C04F79EFBC}") = "Reflectorator", "Reflectorator\Reflectorator.csproj", "{C40328B9-91F9-491A-8831-AAE00D62980F}"
EndProject
Project("{FAE04EC0-301F-11D3-BF4B-00C04F79EFBC}") = "Reflectorator.Specs", "tests\Reflectorator.Specs\Reflectorator.Specs.csproj", "{07AE886E-509D-49C3-BB61-EC62903FDD90}"
EndProject
Global
	GlobalSection(SolutionConfigurationPlatforms) = preSolution
		Debug|Any CPU = Debug|Any CPU
		Release|Any CPU = Release|Any CPU
	EndGlobalSection
	GlobalSection(SolutionProperties) = preSolution
		HideSolutionNode = FALSE
	EndGlobalSection
	GlobalSection(ProjectConfigurationPlatforms) = postSolution
		{C40328B9-91F9-491A-8831-AAE00D62980F}.Debug|Any CPU.ActiveCfg = Debug|Any CPU
		{C40328B9-91F9-491A-8831-AAE00D62980F}.Debug|Any CPU.Build.0 = Debug|Any CPU
		{C40328B9-91F9-491A-8831-AAE00D62980F}.Release|Any CPU.ActiveCfg = Release|Any CPU
		{C40328B9-91F9-491A-8831-AAE00D62980F}.Release|Any CPU.Build.0 = Release|Any CPU
		{07AE886E-509D-49C3-BB61-EC62903FDD90}.Debug|Any CPU.ActiveCfg = Debug|Any CPU
		{07AE886E-509D-49C3-BB61-EC62903FDD90}.Debug|Any CPU.Build.0 = Debug|Any CPU
		{07AE886E-509D-49C3-BB61-EC62903FDD90}.Release|Any CPU.ActiveCfg = Release|Any CPU
		{07AE886E-509D-49C3-BB61-EC62903FDD90}.Release|Any CPU.Build.0 = Release|Any CPU
	EndGlobalSection
EndGlobal
