
Microsoft Visual Studio Solution File, Format Version 12.00
# Visual Studio Version 17
VisualStudioVersion = 17.0.31903.59
MinimumVisualStudioVersion = 10.0.40219.1
Project("{FAE04EC0-301F-11D3-BF4B-00C04F79EFBC}") = "Reflectify", "src\Reflectify\Reflectify.csproj", "{C40328B9-91F9-491A-8831-AAE00D62980F}"
EndProject
Project("{FAE04EC0-301F-11D3-BF4B-00C04F79EFBC}") = "Reflectify.Specs", "tests\Reflectify.Specs\Reflectify.Specs.csproj", "{07AE886E-509D-49C3-BB61-EC62903FDD90}"
EndProject
Project("{9A19103F-16F7-4668-BE54-9A1E7A4F7556}") = "_build", "build\_build.csproj", "{506022A4-AD68-43A1-A670-F2798A4091FB}"
EndProject
Global
	GlobalSection(SolutionConfigurationPlatforms) = preSolution
		Debug|Any CPU = Debug|Any CPU
		Release|Any CPU = Release|Any CPU
	EndGlobalSection
	GlobalSection(SolutionProperties) = preSolution
		HideSolutionNode = FALSE
	EndGlobalSection
	GlobalSection(ProjectConfigurationPlatforms) = postSolution
		{506022A4-AD68-43A1-A670-F2798A4091FB}.Debug|Any CPU.ActiveCfg = Debug|Any CPU
		{506022A4-AD68-43A1-A670-F2798A4091FB}.Release|Any CPU.ActiveCfg = Release|Any CPU
		{C40328B9-91F9-491A-8831-AAE00D62980F}.Debug|Any CPU.ActiveCfg = Debug|Any CPU
		{C40328B9-91F9-491A-8831-AAE00D62980F}.Debug|Any CPU.Build.0 = Debug|Any CPU
		{C40328B9-91F9-491A-8831-AAE00D62980F}.Release|Any CPU.ActiveCfg = Release|Any CPU
		{C40328B9-91F9-491A-8831-AAE00D62980F}.Release|Any CPU.Build.0 = Release|Any CPU
		{07AE886E-509D-49C3-BB61-EC62903FDD90}.Debug|Any CPU.ActiveCfg = Debug|Any CPU
		{07AE886E-509D-49C3-BB61-EC62903FDD90}.Debug|Any CPU.Build.0 = Debug|Any CPU
		{07AE886E-509D-49C3-BB61-EC62903FDD90}.Release|Any CPU.ActiveCfg = Release|Any CPU
		{07AE886E-509D-49C3-BB61-EC62903FDD90}.Release|Any CPU.Build.0 = Release|Any CPU
	EndGlobalSection
EndGlobal
